
Microsoft Visual Studio Solution File, Format Version 12.00
# Visual Studio Version 17
VisualStudioVersion = 17.0.32002.185
MinimumVisualStudioVersion = 10.0.40219.1
Project("{FAE04EC0-301F-11D3-BF4B-00C04F79EFBC}") = "AdventOfCode", "AdventOfCode\AdventOfCode.csproj", "{5C7A1EC9-F5E4-486E-A1BA-DA504950AB33}"
EndProject
Global
	GlobalSection(SolutionConfigurationPlatforms) = preSolution
		Debug|Any CPU = Debug|Any CPU
		Release|Any CPU = Release|Any CPU
	EndGlobalSection
	GlobalSection(ProjectConfigurationPlatforms) = postSolution
		{5C7A1EC9-F5E4-486E-A1BA-DA504950AB33}.Debug|Any CPU.ActiveCfg = Debug|Any CPU
		{5C7A1EC9-F5E4-486E-A1BA-DA504950AB33}.Debug|Any CPU.Build.0 = Debug|Any CPU
		{5C7A1EC9-F5E4-486E-A1BA-DA504950AB33}.Release|Any CPU.ActiveCfg = Release|Any CPU
		{5C7A1EC9-F5E4-486E-A1BA-DA504950AB33}.Release|Any CPU.Build.0 = Release|Any CPU
	EndGlobalSection
	GlobalSection(SolutionProperties) = preSolution
		HideSolutionNode = FALSE
	EndGlobalSection
	GlobalSection(ExtensibilityGlobals) = postSolution
		SolutionGuid = {33C7EAAF-FFC3-4F23-8680-6BD433B6EB85}
	EndGlobalSection
EndGlobal
